// !$*UTF8*$!
{
	archiveVersion = 1;
	classes = {
	};
	objectVersion = 46;
	objects = {

/* Begin PBXBuildFile section */
		3D65BF3F1D0BC7C700813255 /* main.m in Sources */ = {isa = PBXBuildFile; fileRef = 3D65BF3E1D0BC7C700813255 /* main.m */; };
		3D65BF421D0BC7C700813255 /* AppDelegate.m in Sources */ = {isa = PBXBuildFile; fileRef = 3D65BF411D0BC7C700813255 /* AppDelegate.m */; };
		3D65BF451D0BC7C700813255 /* ViewController.m in Sources */ = {isa = PBXBuildFile; fileRef = 3D65BF441D0BC7C700813255 /* ViewController.m */; };
		3D65BF481D0BC7C700813255 /* Main.storyboard in Resources */ = {isa = PBXBuildFile; fileRef = 3D65BF461D0BC7C700813255 /* Main.storyboard */; };
		3D65BF4A1D0BC7C700813255 /* Assets.xcassets in Resources */ = {isa = PBXBuildFile; fileRef = 3D65BF491D0BC7C700813255 /* Assets.xcassets */; };
		3D65BF4D1D0BC7C700813255 /* LaunchScreen.storyboard in Resources */ = {isa = PBXBuildFile; fileRef = 3D65BF4B1D0BC7C700813255 /* LaunchScreen.storyboard */; };
		3D65BF581D0BC7C800813255 /* todoTests.m in Sources */ = {isa = PBXBuildFile; fileRef = 3D65BF571D0BC7C800813255 /* todoTests.m */; };
		3D65BF631D0BC7C800813255 /* todoUITests.m in Sources */ = {isa = PBXBuildFile; fileRef = 3D65BF621D0BC7C800813255 /* todoUITests.m */; };
		3D65BF731D0BFEBA00813255 /* PATodo.m in Sources */ = {isa = PBXBuildFile; fileRef = 3D65BF721D0BFEBA00813255 /* PATodo.m */; };
		3D65BF751D0BFEFF00813255 /* PATodoTests.m in Sources */ = {isa = PBXBuildFile; fileRef = 3D65BF741D0BFEFF00813255 /* PATodoTests.m */; };
		3D65BF791D0C0CE500813255 /* PATodoListViewController.m in Sources */ = {isa = PBXBuildFile; fileRef = 3D65BF781D0C0CE500813255 /* PATodoListViewController.m */; };
		3D65BF7D1D0C178200813255 /* PADetailViewController.m in Sources */ = {isa = PBXBuildFile; fileRef = 3D65BF7B1D0C178200813255 /* PADetailViewController.m */; };
		3D65BF7E1D0C178200813255 /* PADetailViewController.xib in Resources */ = {isa = PBXBuildFile; fileRef = 3D65BF7C1D0C178200813255 /* PADetailViewController.xib */; };
/* End PBXBuildFile section */

/* Begin PBXContainerItemProxy section */
		3D65BF541D0BC7C800813255 /* PBXContainerItemProxy */ = {
			isa = PBXContainerItemProxy;
			containerPortal = 3D65BF321D0BC7C700813255 /* Project object */;
			proxyType = 1;
			remoteGlobalIDString = 3D65BF391D0BC7C700813255;
			remoteInfo = todo;
		};
		3D65BF5F1D0BC7C800813255 /* PBXContainerItemProxy */ = {
			isa = PBXContainerItemProxy;
			containerPortal = 3D65BF321D0BC7C700813255 /* Project object */;
			proxyType = 1;
			remoteGlobalIDString = 3D65BF391D0BC7C700813255;
			remoteInfo = todo;
		};
/* End PBXContainerItemProxy section */

/* Begin PBXFileReference section */
		3D65BF3A1D0BC7C700813255 /* todo.app */ = {isa = PBXFileReference; explicitFileType = wrapper.application; includeInIndex = 0; path = todo.app; sourceTree = BUILT_PRODUCTS_DIR; };
		3D65BF3E1D0BC7C700813255 /* main.m */ = {isa = PBXFileReference; lastKnownFileType = sourcecode.c.objc; path = main.m; sourceTree = "<group>"; };
		3D65BF401D0BC7C700813255 /* AppDelegate.h */ = {isa = PBXFileReference; lastKnownFileType = sourcecode.c.h; path = AppDelegate.h; sourceTree = "<group>"; };
		3D65BF411D0BC7C700813255 /* AppDelegate.m */ = {isa = PBXFileReference; lastKnownFileType = sourcecode.c.objc; path = AppDelegate.m; sourceTree = "<group>"; };
		3D65BF431D0BC7C700813255 /* ViewController.h */ = {isa = PBXFileReference; lastKnownFileType = sourcecode.c.h; path = ViewController.h; sourceTree = "<group>"; };
		3D65BF441D0BC7C700813255 /* ViewController.m */ = {isa = PBXFileReference; lastKnownFileType = sourcecode.c.objc; path = ViewController.m; sourceTree = "<group>"; };
		3D65BF471D0BC7C700813255 /* Base */ = {isa = PBXFileReference; lastKnownFileType = file.storyboard; name = Base; path = Base.lproj/Main.storyboard; sourceTree = "<group>"; };
		3D65BF491D0BC7C700813255 /* Assets.xcassets */ = {isa = PBXFileReference; lastKnownFileType = folder.assetcatalog; path = Assets.xcassets; sourceTree = "<group>"; };
		3D65BF4C1D0BC7C700813255 /* Base */ = {isa = PBXFileReference; lastKnownFileType = file.storyboard; name = Base; path = Base.lproj/LaunchScreen.storyboard; sourceTree = "<group>"; };
		3D65BF4E1D0BC7C700813255 /* Info.plist */ = {isa = PBXFileReference; lastKnownFileType = text.plist.xml; path = Info.plist; sourceTree = "<group>"; };
		3D65BF531D0BC7C800813255 /* todoTests.xctest */ = {isa = PBXFileReference; explicitFileType = wrapper.cfbundle; includeInIndex = 0; path = todoTests.xctest; sourceTree = BUILT_PRODUCTS_DIR; };
		3D65BF571D0BC7C800813255 /* todoTests.m */ = {isa = PBXFileReference; lastKnownFileType = sourcecode.c.objc; path = todoTests.m; sourceTree = "<group>"; };
		3D65BF591D0BC7C800813255 /* Info.plist */ = {isa = PBXFileReference; lastKnownFileType = text.plist.xml; path = Info.plist; sourceTree = "<group>"; };
		3D65BF5E1D0BC7C800813255 /* todoUITests.xctest */ = {isa = PBXFileReference; explicitFileType = wrapper.cfbundle; includeInIndex = 0; path = todoUITests.xctest; sourceTree = BUILT_PRODUCTS_DIR; };
		3D65BF621D0BC7C800813255 /* todoUITests.m */ = {isa = PBXFileReference; lastKnownFileType = sourcecode.c.objc; path = todoUITests.m; sourceTree = "<group>"; };
		3D65BF641D0BC7C800813255 /* Info.plist */ = {isa = PBXFileReference; lastKnownFileType = text.plist.xml; path = Info.plist; sourceTree = "<group>"; };
		3D65BF711D0BFEBA00813255 /* PATodo.h */ = {isa = PBXFileReference; fileEncoding = 4; lastKnownFileType = sourcecode.c.h; path = PATodo.h; sourceTree = "<group>"; };
		3D65BF721D0BFEBA00813255 /* PATodo.m */ = {isa = PBXFileReference; fileEncoding = 4; lastKnownFileType = sourcecode.c.objc; path = PATodo.m; sourceTree = "<group>"; };
		3D65BF741D0BFEFF00813255 /* PATodoTests.m */ = {isa = PBXFileReference; fileEncoding = 4; lastKnownFileType = sourcecode.c.objc; path = PATodoTests.m; sourceTree = "<group>"; };
		3D65BF771D0C0CE500813255 /* PATodoListViewController.h */ = {isa = PBXFileReference; fileEncoding = 4; lastKnownFileType = sourcecode.c.h; path = PATodoListViewController.h; sourceTree = "<group>"; };
		3D65BF781D0C0CE500813255 /* PATodoListViewController.m */ = {isa = PBXFileReference; fileEncoding = 4; lastKnownFileType = sourcecode.c.objc; path = PATodoListViewController.m; sourceTree = "<group>"; };
		3D65BF7A1D0C178200813255 /* PADetailViewController.h */ = {isa = PBXFileReference; fileEncoding = 4; lastKnownFileType = sourcecode.c.h; path = PADetailViewController.h; sourceTree = "<group>"; };
		3D65BF7B1D0C178200813255 /* PADetailViewController.m */ = {isa = PBXFileReference; fileEncoding = 4; lastKnownFileType = sourcecode.c.objc; path = PADetailViewController.m; sourceTree = "<group>"; };
		3D65BF7C1D0C178200813255 /* PADetailViewController.xib */ = {isa = PBXFileReference; fileEncoding = 4; lastKnownFileType = file.xib; path = PADetailViewController.xib; sourceTree = "<group>"; };
/* End PBXFileReference section */

/* Begin PBXFrameworksBuildPhase section */
		3D65BF371D0BC7C700813255 /* Frameworks */ = {
			isa = PBXFrameworksBuildPhase;
			buildActionMask = 2147483647;
			files = (
			);
			runOnlyForDeploymentPostprocessing = 0;
		};
		3D65BF501D0BC7C800813255 /* Frameworks */ = {
			isa = PBXFrameworksBuildPhase;
			buildActionMask = 2147483647;
			files = (
			);
			runOnlyForDeploymentPostprocessing = 0;
		};
		3D65BF5B1D0BC7C800813255 /* Frameworks */ = {
			isa = PBXFrameworksBuildPhase;
			buildActionMask = 2147483647;
			files = (
			);
			runOnlyForDeploymentPostprocessing = 0;
		};
/* End PBXFrameworksBuildPhase section */

/* Begin PBXGroup section */
		3D65BF311D0BC7C700813255 = {
			isa = PBXGroup;
			children = (
				3D65BF3C1D0BC7C700813255 /* todo */,
				3D65BF561D0BC7C800813255 /* todoTests */,
				3D65BF611D0BC7C800813255 /* todoUITests */,
				3D65BF3B1D0BC7C700813255 /* Products */,
			);
			sourceTree = "<group>";
		};
		3D65BF3B1D0BC7C700813255 /* Products */ = {
			isa = PBXGroup;
			children = (
				3D65BF3A1D0BC7C700813255 /* todo.app */,
				3D65BF531D0BC7C800813255 /* todoTests.xctest */,
				3D65BF5E1D0BC7C800813255 /* todoUITests.xctest */,
			);
			name = Products;
			sourceTree = "<group>";
		};
		3D65BF3C1D0BC7C700813255 /* todo */ = {
			isa = PBXGroup;
			children = (
				3D65BF761D0C0C6600813255 /* Controller */,
				3D65BF701D0BFE2100813255 /* Model */,
				3D65BF401D0BC7C700813255 /* AppDelegate.h */,
				3D65BF411D0BC7C700813255 /* AppDelegate.m */,
				3D65BF431D0BC7C700813255 /* ViewController.h */,
				3D65BF441D0BC7C700813255 /* ViewController.m */,
				3D65BF461D0BC7C700813255 /* Main.storyboard */,
				3D65BF491D0BC7C700813255 /* Assets.xcassets */,
				3D65BF4B1D0BC7C700813255 /* LaunchScreen.storyboard */,
				3D65BF4E1D0BC7C700813255 /* Info.plist */,
				3D65BF3D1D0BC7C700813255 /* Supporting Files */,
			);
			path = todo;
			sourceTree = "<group>";
		};
		3D65BF3D1D0BC7C700813255 /* Supporting Files */ = {
			isa = PBXGroup;
			children = (
				3D65BF3E1D0BC7C700813255 /* main.m */,
			);
			name = "Supporting Files";
			sourceTree = "<group>";
		};
		3D65BF561D0BC7C800813255 /* todoTests */ = {
			isa = PBXGroup;
			children = (
				3D65BF571D0BC7C800813255 /* todoTests.m */,
				3D65BF591D0BC7C800813255 /* Info.plist */,
				3D65BF741D0BFEFF00813255 /* PATodoTests.m */,
			);
			path = todoTests;
			sourceTree = "<group>";
		};
		3D65BF611D0BC7C800813255 /* todoUITests */ = {
			isa = PBXGroup;
			children = (
				3D65BF621D0BC7C800813255 /* todoUITests.m */,
				3D65BF641D0BC7C800813255 /* Info.plist */,
			);
			path = todoUITests;
			sourceTree = "<group>";
		};
		3D65BF701D0BFE2100813255 /* Model */ = {
			isa = PBXGroup;
			children = (
				3D65BF711D0BFEBA00813255 /* PATodo.h */,
				3D65BF721D0BFEBA00813255 /* PATodo.m */,
			);
			path = Model;
			sourceTree = "<group>";
		};
		3D65BF761D0C0C6600813255 /* Controller */ = {
			isa = PBXGroup;
			children = (
				3D65BF771D0C0CE500813255 /* PATodoListViewController.h */,
				3D65BF781D0C0CE500813255 /* PATodoListViewController.m */,
				3D65BF7A1D0C178200813255 /* PADetailViewController.h */,
				3D65BF7B1D0C178200813255 /* PADetailViewController.m */,
				3D65BF7C1D0C178200813255 /* PADetailViewController.xib */,
			);
			path = Controller;
			sourceTree = "<group>";
		};
/* End PBXGroup section */

/* Begin PBXNativeTarget section */
		3D65BF391D0BC7C700813255 /* todo */ = {
			isa = PBXNativeTarget;
			buildConfigurationList = 3D65BF671D0BC7C800813255 /* Build configuration list for PBXNativeTarget "todo" */;
			buildPhases = (
				3D65BF361D0BC7C700813255 /* Sources */,
				3D65BF371D0BC7C700813255 /* Frameworks */,
				3D65BF381D0BC7C700813255 /* Resources */,
			);
			buildRules = (
			);
			dependencies = (
			);
			name = todo;
			productName = todo;
			productReference = 3D65BF3A1D0BC7C700813255 /* todo.app */;
			productType = "com.apple.product-type.application";
		};
		3D65BF521D0BC7C800813255 /* todoTests */ = {
			isa = PBXNativeTarget;
			buildConfigurationList = 3D65BF6A1D0BC7C800813255 /* Build configuration list for PBXNativeTarget "todoTests" */;
			buildPhases = (
				3D65BF4F1D0BC7C800813255 /* Sources */,
				3D65BF501D0BC7C800813255 /* Frameworks */,
				3D65BF511D0BC7C800813255 /* Resources */,
			);
			buildRules = (
			);
			dependencies = (
				3D65BF551D0BC7C800813255 /* PBXTargetDependency */,
			);
			name = todoTests;
			productName = todoTests;
			productReference = 3D65BF531D0BC7C800813255 /* todoTests.xctest */;
			productType = "com.apple.product-type.bundle.unit-test";
		};
		3D65BF5D1D0BC7C800813255 /* todoUITests */ = {
			isa = PBXNativeTarget;
			buildConfigurationList = 3D65BF6D1D0BC7C800813255 /* Build configuration list for PBXNativeTarget "todoUITests" */;
			buildPhases = (
				3D65BF5A1D0BC7C800813255 /* Sources */,
				3D65BF5B1D0BC7C800813255 /* Frameworks */,
				3D65BF5C1D0BC7C800813255 /* Resources */,
			);
			buildRules = (
			);
			dependencies = (
				3D65BF601D0BC7C800813255 /* PBXTargetDependency */,
			);
			name = todoUITests;
			productName = todoUITests;
			productReference = 3D65BF5E1D0BC7C800813255 /* todoUITests.xctest */;
			productType = "com.apple.product-type.bundle.ui-testing";
		};
/* End PBXNativeTarget section */

/* Begin PBXProject section */
		3D65BF321D0BC7C700813255 /* Project object */ = {
			isa = PBXProject;
			attributes = {
				LastUpgradeCheck = 0730;
				ORGANIZATIONNAME = Cadet;
				TargetAttributes = {
					3D65BF391D0BC7C700813255 = {
						CreatedOnToolsVersion = 7.3.1;
					};
					3D65BF521D0BC7C800813255 = {
						CreatedOnToolsVersion = 7.3.1;
						TestTargetID = 3D65BF391D0BC7C700813255;
					};
					3D65BF5D1D0BC7C800813255 = {
						CreatedOnToolsVersion = 7.3.1;
						TestTargetID = 3D65BF391D0BC7C700813255;
					};
				};
			};
			buildConfigurationList = 3D65BF351D0BC7C700813255 /* Build configuration list for PBXProject "todo" */;
			compatibilityVersion = "Xcode 3.2";
			developmentRegion = English;
			hasScannedForEncodings = 0;
			knownRegions = (
				en,
				Base,
			);
			mainGroup = 3D65BF311D0BC7C700813255;
			productRefGroup = 3D65BF3B1D0BC7C700813255 /* Products */;
			projectDirPath = "";
			projectRoot = "";
			targets = (
				3D65BF391D0BC7C700813255 /* todo */,
				3D65BF521D0BC7C800813255 /* todoTests */,
				3D65BF5D1D0BC7C800813255 /* todoUITests */,
			);
		};
/* End PBXProject section */

/* Begin PBXResourcesBuildPhase section */
		3D65BF381D0BC7C700813255 /* Resources */ = {
			isa = PBXResourcesBuildPhase;
			buildActionMask = 2147483647;
			files = (
				3D65BF4D1D0BC7C700813255 /* LaunchScreen.storyboard in Resources */,
				3D65BF4A1D0BC7C700813255 /* Assets.xcassets in Resources */,
				3D65BF7E1D0C178200813255 /* PADetailViewController.xib in Resources */,
				3D65BF481D0BC7C700813255 /* Main.storyboard in Resources */,
			);
			runOnlyForDeploymentPostprocessing = 0;
		};
		3D65BF511D0BC7C800813255 /* Resources */ = {
			isa = PBXResourcesBuildPhase;
			buildActionMask = 2147483647;
			files = (
			);
			runOnlyForDeploymentPostprocessing = 0;
		};
		3D65BF5C1D0BC7C800813255 /* Resources */ = {
			isa = PBXResourcesBuildPhase;
			buildActionMask = 2147483647;
			files = (
			);
			runOnlyForDeploymentPostprocessing = 0;
		};
/* End PBXResourcesBuildPhase section */

/* Begin PBXSourcesBuildPhase section */
		3D65BF361D0BC7C700813255 /* Sources */ = {
			isa = PBXSourcesBuildPhase;
			buildActionMask = 2147483647;
			files = (
				3D65BF451D0BC7C700813255 /* ViewController.m in Sources */,
				3D65BF421D0BC7C700813255 /* AppDelegate.m in Sources */,
				3D65BF7D1D0C178200813255 /* PADetailViewController.m in Sources */,
				3D65BF731D0BFEBA00813255 /* PATodo.m in Sources */,
				3D65BF3F1D0BC7C700813255 /* main.m in Sources */,
				3D65BF791D0C0CE500813255 /* PATodoListViewController.m in Sources */,
			);
			runOnlyForDeploymentPostprocessing = 0;
		};
		3D65BF4F1D0BC7C800813255 /* Sources */ = {
			isa = PBXSourcesBuildPhase;
			buildActionMask = 2147483647;
			files = (
				3D65BF751D0BFEFF00813255 /* PATodoTests.m in Sources */,
				3D65BF581D0BC7C800813255 /* todoTests.m in Sources */,
			);
			runOnlyForDeploymentPostprocessing = 0;
		};
		3D65BF5A1D0BC7C800813255 /* Sources */ = {
			isa = PBXSourcesBuildPhase;
			buildActionMask = 2147483647;
			files = (
				3D65BF631D0BC7C800813255 /* todoUITests.m in Sources */,
			);
			runOnlyForDeploymentPostprocessing = 0;
		};
/* End PBXSourcesBuildPhase section */

/* Begin PBXTargetDependency section */
		3D65BF551D0BC7C800813255 /* PBXTargetDependency */ = {
			isa = PBXTargetDependency;
			target = 3D65BF391D0BC7C700813255 /* todo */;
			targetProxy = 3D65BF541D0BC7C800813255 /* PBXContainerItemProxy */;
		};
		3D65BF601D0BC7C800813255 /* PBXTargetDependency */ = {
			isa = PBXTargetDependency;
			target = 3D65BF391D0BC7C700813255 /* todo */;
			targetProxy = 3D65BF5F1D0BC7C800813255 /* PBXContainerItemProxy */;
		};
/* End PBXTargetDependency section */

/* Begin PBXVariantGroup section */
		3D65BF461D0BC7C700813255 /* Main.storyboard */ = {
			isa = PBXVariantGroup;
			children = (
				3D65BF471D0BC7C700813255 /* Base */,
			);
			name = Main.storyboard;
			sourceTree = "<group>";
		};
		3D65BF4B1D0BC7C700813255 /* LaunchScreen.storyboard */ = {
			isa = PBXVariantGroup;
			children = (
				3D65BF4C1D0BC7C700813255 /* Base */,
			);
			name = LaunchScreen.storyboard;
			sourceTree = "<group>";
		};
/* End PBXVariantGroup section */

/* Begin XCBuildConfiguration section */
		3D65BF651D0BC7C800813255 /* Debug */ = {
			isa = XCBuildConfiguration;
			buildSettings = {
				ALWAYS_SEARCH_USER_PATHS = NO;
				CLANG_ANALYZER_NONNULL = YES;
				CLANG_CXX_LANGUAGE_STANDARD = "gnu++0x";
				CLANG_CXX_LIBRARY = "libc++";
				CLANG_ENABLE_MODULES = YES;
				CLANG_ENABLE_OBJC_ARC = YES;
				CLANG_WARN_BOOL_CONVERSION = YES;
				CLANG_WARN_CONSTANT_CONVERSION = YES;
				CLANG_WARN_DIRECT_OBJC_ISA_USAGE = YES_ERROR;
				CLANG_WARN_EMPTY_BODY = YES;
				CLANG_WARN_ENUM_CONVERSION = YES;
				CLANG_WARN_INT_CONVERSION = YES;
				CLANG_WARN_OBJC_ROOT_CLASS = YES_ERROR;
				CLANG_WARN_UNREACHABLE_CODE = YES;
				CLANG_WARN__DUPLICATE_METHOD_MATCH = YES;
				"CODE_SIGN_IDENTITY[sdk=iphoneos*]" = "iPhone Developer";
				COPY_PHASE_STRIP = NO;
				DEBUG_INFORMATION_FORMAT = dwarf;
				ENABLE_STRICT_OBJC_MSGSEND = YES;
				ENABLE_TESTABILITY = YES;
				GCC_C_LANGUAGE_STANDARD = gnu99;
				GCC_DYNAMIC_NO_PIC = NO;
				GCC_NO_COMMON_BLOCKS = YES;
				GCC_OPTIMIZATION_LEVEL = 0;
				GCC_PREPROCESSOR_DEFINITIONS = (
					"DEBUG=1",
					"$(inherited)",
				);
				GCC_WARN_64_TO_32_BIT_CONVERSION = YES;
				GCC_WARN_ABOUT_RETURN_TYPE = YES_ERROR;
				GCC_WARN_UNDECLARED_SELECTOR = YES;
				GCC_WARN_UNINITIALIZED_AUTOS = YES_AGGRESSIVE;
				GCC_WARN_UNUSED_FUNCTION = YES;
				GCC_WARN_UNUSED_VARIABLE = YES;
				IPHONEOS_DEPLOYMENT_TARGET = 9.3;
				MTL_ENABLE_DEBUG_INFO = YES;
				ONLY_ACTIVE_ARCH = YES;
				SDKROOT = iphoneos;
			};
			name = Debug;
		};
		3D65BF661D0BC7C800813255 /* Release */ = {
			isa = XCBuildConfiguration;
			buildSettings = {
				ALWAYS_SEARCH_USER_PATHS = NO;
				CLANG_ANALYZER_NONNULL = YES;
				CLANG_CXX_LANGUAGE_STANDARD = "gnu++0x";
				CLANG_CXX_LIBRARY = "libc++";
				CLANG_ENABLE_MODULES = YES;
				CLANG_ENABLE_OBJC_ARC = YES;
				CLANG_WARN_BOOL_CONVERSION = YES;
				CLANG_WARN_CONSTANT_CONVERSION = YES;
				CLANG_WARN_DIRECT_OBJC_ISA_USAGE = YES_ERROR;
				CLANG_WARN_EMPTY_BODY = YES;
				CLANG_WARN_ENUM_CONVERSION = YES;
				CLANG_WARN_INT_CONVERSION = YES;
				CLANG_WARN_OBJC_ROOT_CLASS = YES_ERROR;
				CLANG_WARN_UNREACHABLE_CODE = YES;
				CLANG_WARN__DUPLICATE_METHOD_MATCH = YES;
				"CODE_SIGN_IDENTITY[sdk=iphoneos*]" = "iPhone Developer";
				COPY_PHASE_STRIP = NO;
				DEBUG_INFORMATION_FORMAT = "dwarf-with-dsym";
				ENABLE_NS_ASSERTIONS = NO;
				ENABLE_STRICT_OBJC_MSGSEND = YES;
				GCC_C_LANGUAGE_STANDARD = gnu99;
				GCC_NO_COMMON_BLOCKS = YES;
				GCC_WARN_64_TO_32_BIT_CONVERSION = YES;
				GCC_WARN_ABOUT_RETURN_TYPE = YES_ERROR;
				GCC_WARN_UNDECLARED_SELECTOR = YES;
				GCC_WARN_UNINITIALIZED_AUTOS = YES_AGGRESSIVE;
				GCC_WARN_UNUSED_FUNCTION = YES;
				GCC_WARN_UNUSED_VARIABLE = YES;
				IPHONEOS_DEPLOYMENT_TARGET = 9.3;
				MTL_ENABLE_DEBUG_INFO = NO;
				SDKROOT = iphoneos;
				VALIDATE_PRODUCT = YES;
			};
			name = Release;
		};
		3D65BF681D0BC7C800813255 /* Debug */ = {
			isa = XCBuildConfiguration;
			buildSettings = {
				ASSETCATALOG_COMPILER_APPICON_NAME = AppIcon;
				INFOPLIST_FILE = todo/Info.plist;
				LD_RUNPATH_SEARCH_PATHS = "$(inherited) @executable_path/Frameworks";
				PRODUCT_BUNDLE_IDENTIFIER = com.yod.todo;
				PRODUCT_NAME = "$(TARGET_NAME)";
			};
			name = Debug;
		};
		3D65BF691D0BC7C800813255 /* Release */ = {
			isa = XCBuildConfiguration;
			buildSettings = {
				ASSETCATALOG_COMPILER_APPICON_NAME = AppIcon;
				INFOPLIST_FILE = todo/Info.plist;
				LD_RUNPATH_SEARCH_PATHS = "$(inherited) @executable_path/Frameworks";
				PRODUCT_BUNDLE_IDENTIFIER = com.yod.todo;
				PRODUCT_NAME = "$(TARGET_NAME)";
			};
			name = Release;
		};
		3D65BF6B1D0BC7C800813255 /* Debug */ = {
			isa = XCBuildConfiguration;
			buildSettings = {
				BUNDLE_LOADER = "$(TEST_HOST)";
				INFOPLIST_FILE = todoTests/Info.plist;
				LD_RUNPATH_SEARCH_PATHS = "$(inherited) @executable_path/Frameworks @loader_path/Frameworks";
				PRODUCT_BUNDLE_IDENTIFIER = com.yod.todoTests;
				PRODUCT_NAME = "$(TARGET_NAME)";
				TEST_HOST = "$(BUILT_PRODUCTS_DIR)/todo.app/todo";
			};
			name = Debug;
		};
		3D65BF6C1D0BC7C800813255 /* Release */ = {
			isa = XCBuildConfiguration;
			buildSettings = {
				BUNDLE_LOADER = "$(TEST_HOST)";
				INFOPLIST_FILE = todoTests/Info.plist;
				LD_RUNPATH_SEARCH_PATHS = "$(inherited) @executable_path/Frameworks @loader_path/Frameworks";
				PRODUCT_BUNDLE_IDENTIFIER = com.yod.todoTests;
				PRODUCT_NAME = "$(TARGET_NAME)";
				TEST_HOST = "$(BUILT_PRODUCTS_DIR)/todo.app/todo";
			};
			name = Release;
		};
		3D65BF6E1D0BC7C800813255 /* Debug */ = {
			isa = XCBuildConfiguration;
			buildSettings = {
				INFOPLIST_FILE = todoUITests/Info.plist;
				LD_RUNPATH_SEARCH_PATHS = "$(inherited) @executable_path/Frameworks @loader_path/Frameworks";
				PRODUCT_BUNDLE_IDENTIFIER = com.yod.todoUITests;
				PRODUCT_NAME = "$(TARGET_NAME)";
				TEST_TARGET_NAME = todo;
			};
			name = Debug;
		};
		3D65BF6F1D0BC7C800813255 /* Release */ = {
			isa = XCBuildConfiguration;
			buildSettings = {
				INFOPLIST_FILE = todoUITests/Info.plist;
				LD_RUNPATH_SEARCH_PATHS = "$(inherited) @executable_path/Frameworks @loader_path/Frameworks";
				PRODUCT_BUNDLE_IDENTIFIER = com.yod.todoUITests;
				PRODUCT_NAME = "$(TARGET_NAME)";
				TEST_TARGET_NAME = todo;
			};
			name = Release;
		};
/* End XCBuildConfiguration section */

/* Begin XCConfigurationList section */
		3D65BF351D0BC7C700813255 /* Build configuration list for PBXProject "todo" */ = {
			isa = XCConfigurationList;
			buildConfigurations = (
				3D65BF651D0BC7C800813255 /* Debug */,
				3D65BF661D0BC7C800813255 /* Release */,
			);
			defaultConfigurationIsVisible = 0;
			defaultConfigurationName = Release;
		};
		3D65BF671D0BC7C800813255 /* Build configuration list for PBXNativeTarget "todo" */ = {
			isa = XCConfigurationList;
			buildConfigurations = (
				3D65BF681D0BC7C800813255 /* Debug */,
				3D65BF691D0BC7C800813255 /* Release */,
			);
			defaultConfigurationIsVisible = 0;
		};
		3D65BF6A1D0BC7C800813255 /* Build configuration list for PBXNativeTarget "todoTests" */ = {
			isa = XCConfigurationList;
			buildConfigurations = (
				3D65BF6B1D0BC7C800813255 /* Debug */,
				3D65BF6C1D0BC7C800813255 /* Release */,
			);
			defaultConfigurationIsVisible = 0;
		};
		3D65BF6D1D0BC7C800813255 /* Build configuration list for PBXNativeTarget "todoUITests" */ = {
			isa = XCConfigurationList;
			buildConfigurations = (
				3D65BF6E1D0BC7C800813255 /* Debug */,
				3D65BF6F1D0BC7C800813255 /* Release */,
			);
			defaultConfigurationIsVisible = 0;
		};
/* End XCConfigurationList section */
	};
	rootObject = 3D65BF321D0BC7C700813255 /* Project object */;
}
